
Microsoft Visual Studio Solution File, Format Version 12.00
# Visual Studio Version 17
VisualStudioVersion = 17.11.35222.181
MinimumVisualStudioVersion = 10.0.40219.1
Project("{FAE04EC0-301F-11D3-BF4B-00C04F79EFBC}") = "ClassPracticeApp", "ClassPracticeApp\ClassPracticeApp.csproj", "{B1CF75CA-F2B8-4926-A697-F719AF57C0F5}"
EndProject
Global
	GlobalSection(SolutionConfigurationPlatforms) = preSolution
		Debug|Any CPU = Debug|Any CPU
		Release|Any CPU = Release|Any CPU
	EndGlobalSection
	GlobalSection(ProjectConfigurationPlatforms) = postSolution
		{B1CF75CA-F2B8-4926-A697-F719AF57C0F5}.Debug|Any CPU.ActiveCfg = Debug|Any CPU
		{B1CF75CA-F2B8-4926-A697-F719AF57C0F5}.Debug|Any CPU.Build.0 = Debug|Any CPU
		{B1CF75CA-F2B8-4926-A697-F719AF57C0F5}.Release|Any CPU.ActiveCfg = Release|Any CPU
		{B1CF75CA-F2B8-4926-A697-F719AF57C0F5}.Release|Any CPU.Build.0 = Release|Any CPU
	EndGlobalSection
	GlobalSection(SolutionProperties) = preSolution
		HideSolutionNode = FALSE
	EndGlobalSection
	GlobalSection(ExtensibilityGlobals) = postSolution
		SolutionGuid = {BC06322D-0E91-4D2E-A055-B08C596E0A5C}
	EndGlobalSection
EndGlobal
