
Microsoft Visual Studio Solution File, Format Version 12.00
# Visual Studio Version 17
VisualStudioVersion = 17.11.35222.181
MinimumVisualStudioVersion = 10.0.40219.1
Project("{FAE04EC0-301F-11D3-BF4B-00C04F79EFBC}") = "BasicCalcClassApp", "BasicCalcClassApp\BasicCalcClassApp.csproj", "{122769B0-1600-454A-94D6-DC546C811478}"
EndProject
Global
	GlobalSection(SolutionConfigurationPlatforms) = preSolution
		Debug|Any CPU = Debug|Any CPU
		Release|Any CPU = Release|Any CPU
	EndGlobalSection
	GlobalSection(ProjectConfigurationPlatforms) = postSolution
		{122769B0-1600-454A-94D6-DC546C811478}.Debug|Any CPU.ActiveCfg = Debug|Any CPU
		{122769B0-1600-454A-94D6-DC546C811478}.Debug|Any CPU.Build.0 = Debug|Any CPU
		{122769B0-1600-454A-94D6-DC546C811478}.Release|Any CPU.ActiveCfg = Release|Any CPU
		{122769B0-1600-454A-94D6-DC546C811478}.Release|Any CPU.Build.0 = Release|Any CPU
	EndGlobalSection
	GlobalSection(SolutionProperties) = preSolution
		HideSolutionNode = FALSE
	EndGlobalSection
	GlobalSection(ExtensibilityGlobals) = postSolution
		SolutionGuid = {D10D05E5-A69F-4E2A-87FF-936E3D613A9F}
	EndGlobalSection
EndGlobal
