
Microsoft Visual Studio Solution File, Format Version 12.00
# Visual Studio Version 17
VisualStudioVersion = 17.11.35222.181
MinimumVisualStudioVersion = 10.0.40219.1
Project("{FAE04EC0-301F-11D3-BF4B-00C04F79EFBC}") = "TriangleDraw", "TriangleDraw\TriangleDraw.csproj", "{19D04524-06E3-419C-B5F6-4D4D146671FD}"
EndProject
Global
	GlobalSection(SolutionConfigurationPlatforms) = preSolution
		Debug|Any CPU = Debug|Any CPU
		Release|Any CPU = Release|Any CPU
	EndGlobalSection
	GlobalSection(ProjectConfigurationPlatforms) = postSolution
		{19D04524-06E3-419C-B5F6-4D4D146671FD}.Debug|Any CPU.ActiveCfg = Debug|Any CPU
		{19D04524-06E3-419C-B5F6-4D4D146671FD}.Debug|Any CPU.Build.0 = Debug|Any CPU
		{19D04524-06E3-419C-B5F6-4D4D146671FD}.Release|Any CPU.ActiveCfg = Release|Any CPU
		{19D04524-06E3-419C-B5F6-4D4D146671FD}.Release|Any CPU.Build.0 = Release|Any CPU
	EndGlobalSection
	GlobalSection(SolutionProperties) = preSolution
		HideSolutionNode = FALSE
	EndGlobalSection
	GlobalSection(ExtensibilityGlobals) = postSolution
		SolutionGuid = {322E6652-ADCC-412A-A1ED-614FDB365CD6}
	EndGlobalSection
EndGlobal
